# THIS IS AN AUTOGENERATED FILE. DO NOT EDIT THIS FILE DIRECTLY.
# yarn lockfile v1


"@nadarvlkan/randomid-generator@^1.0.0":
  version "1.0.0"
  resolved "https://registry.yarnpkg.com/@nadarvlkan/randomid-generator/-/randomid-generator-1.0.0.tgz#728328067eeb7dbd125bebd87c3448fd74671316"
  integrity sha512-0dVUFzcwop9Wgk9iXf4hwrstOI1Xzrg3xxAPTW7pJpDUwnsLGdHcIctjjoSOh32iuuCbFPnUfBImc+yqIDUFyQ==
